
Microsoft Visual Studio Solution File, Format Version 12.00
# Visual Studio Version 18
VisualStudioVersion = 18.6.11819.183 stable
MinimumVisualStudioVersion = 10.0.40219.1
Project("{FAE04EC0-301F-11D3-BF4B-00C04F79EFBC}") = "Studio", "Studio\Studio.csproj", "{6C9FD165-0D4E-4D2A-85CF-755C781223A6}"
EndProject
Project("{FAE04EC0-301F-11D3-BF4B-00C04F79EFBC}") = "Core", "Core\Core.csproj", "{B1E5C3A2-7D4F-4A6B-9C2E-1F0A8D7B6C54}"
EndProject
Project("{FAE04EC0-301F-11D3-BF4B-00C04F79EFBC}") = "Host", "Host\Host.csproj", "{AC4DFCCA-60AB-4F6B-A164-2F398B93BE6E}"
EndProject
Global
	GlobalSection(SolutionConfigurationPlatforms) = preSolution
		Debug|Any CPU = Debug|Any CPU
		Release|Any CPU = Release|Any CPU
	EndGlobalSection
	GlobalSection(ProjectConfigurationPlatforms) = postSolution
		{6C9FD165-0D4E-4D2A-85CF-755C781223A6}.Debug|Any CPU.ActiveCfg = Debug|Any CPU
		{6C9FD165-0D4E-4D2A-85CF-755C781223A6}.Debug|Any CPU.Build.0 = Debug|Any CPU
		{6C9FD165-0D4E-4D2A-85CF-755C781223A6}.Release|Any CPU.ActiveCfg = Release|Any CPU
		{6C9FD165-0D4E-4D2A-85CF-755C781223A6}.Release|Any CPU.Build.0 = Release|Any CPU
		{B1E5C3A2-7D4F-4A6B-9C2E-1F0A8D7B6C54}.Debug|Any CPU.ActiveCfg = Debug|Any CPU
		{B1E5C3A2-7D4F-4A6B-9C2E-1F0A8D7B6C54}.Debug|Any CPU.Build.0 = Debug|Any CPU
		{B1E5C3A2-7D4F-4A6B-9C2E-1F0A8D7B6C54}.Release|Any CPU.ActiveCfg = Release|Any CPU
		{B1E5C3A2-7D4F-4A6B-9C2E-1F0A8D7B6C54}.Release|Any CPU.Build.0 = Release|Any CPU
		{AC4DFCCA-60AB-4F6B-A164-2F398B93BE6E}.Debug|Any CPU.ActiveCfg = Debug|Any CPU
		{AC4DFCCA-60AB-4F6B-A164-2F398B93BE6E}.Debug|Any CPU.Build.0 = Debug|Any CPU
		{AC4DFCCA-60AB-4F6B-A164-2F398B93BE6E}.Release|Any CPU.ActiveCfg = Release|Any CPU
		{AC4DFCCA-60AB-4F6B-A164-2F398B93BE6E}.Release|Any CPU.Build.0 = Release|Any CPU
	EndGlobalSection
	GlobalSection(SolutionProperties) = preSolution
		HideSolutionNode = FALSE
	EndGlobalSection
	GlobalSection(ExtensibilityGlobals) = postSolution
		SolutionGuid = {BE471F8A-92DC-4F6A-8A87-505DCF30A47A}
	EndGlobalSection
EndGlobal
